
Microsoft Visual Studio Solution File, Format Version 12.00
# Visual Studio Version 16
VisualStudioVersion = 16.0.31624.102
MinimumVisualStudioVersion = 10.0.40219.1
Project("{FAE04EC0-301F-11D3-BF4B-00C04F79EFBC}") = "CC GitHub Basic App", "CC GitHub Basic App\CC GitHub Basic App.csproj", "{C5E82C5C-3E1E-4932-ADF0-922D6BD3BD69}"
EndProject
Project("{FAE04EC0-301F-11D3-BF4B-00C04F79EFBC}") = "UnitTestProject1", "UnitTestProject1\UnitTestProject1.csproj", "{11E172BD-FA86-4D18-9402-12A172FA030A}"
EndProject
Global
	GlobalSection(SolutionConfigurationPlatforms) = preSolution
		Debug|Any CPU = Debug|Any CPU
		Release|Any CPU = Release|Any CPU
	EndGlobalSection
	GlobalSection(ProjectConfigurationPlatforms) = postSolution
		{C5E82C5C-3E1E-4932-ADF0-922D6BD3BD69}.Debug|Any CPU.ActiveCfg = Debug|Any CPU
		{C5E82C5C-3E1E-4932-ADF0-922D6BD3BD69}.Debug|Any CPU.Build.0 = Debug|Any CPU
		{C5E82C5C-3E1E-4932-ADF0-922D6BD3BD69}.Release|Any CPU.ActiveCfg = Release|Any CPU
		{C5E82C5C-3E1E-4932-ADF0-922D6BD3BD69}.Release|Any CPU.Build.0 = Release|Any CPU
		{11E172BD-FA86-4D18-9402-12A172FA030A}.Debug|Any CPU.ActiveCfg = Debug|Any CPU
		{11E172BD-FA86-4D18-9402-12A172FA030A}.Debug|Any CPU.Build.0 = Debug|Any CPU
		{11E172BD-FA86-4D18-9402-12A172FA030A}.Release|Any CPU.ActiveCfg = Release|Any CPU
		{11E172BD-FA86-4D18-9402-12A172FA030A}.Release|Any CPU.Build.0 = Release|Any CPU
	EndGlobalSection
	GlobalSection(SolutionProperties) = preSolution
		HideSolutionNode = FALSE
	EndGlobalSection
	GlobalSection(ExtensibilityGlobals) = postSolution
		SolutionGuid = {EFF42C17-F0D3-430D-B9EC-FEAA7DA71332}
	EndGlobalSection
EndGlobal
